
Microsoft Visual Studio Solution File, Format Version 12.00
# Visual Studio Version 17
VisualStudioVersion = 17.5.33530.505
MinimumVisualStudioVersion = 10.0.40219.1
Project("{9A19103F-16F7-4668-BE54-9A1E7A4F7556}") = "BlueDragon", "BlueDragon\BlueDragon.csproj", "{11A16C9E-C49E-4620-96BE-A0C983B40682}"
EndProject
Project("{9A19103F-16F7-4668-BE54-9A1E7A4F7556}") = "BlueDragonTests", "BlueDragonTests\BlueDragonTests.csproj", "{9E20895E-C702-4A8D-9862-EB238AA9820A}"
EndProject
Global
	GlobalSection(SolutionConfigurationPlatforms) = preSolution
		Debug|Any CPU = Debug|Any CPU
		Release|Any CPU = Release|Any CPU
	EndGlobalSection
	GlobalSection(ProjectConfigurationPlatforms) = postSolution
		{11A16C9E-C49E-4620-96BE-A0C983B40682}.Debug|Any CPU.ActiveCfg = Debug|Any CPU
		{11A16C9E-C49E-4620-96BE-A0C983B40682}.Debug|Any CPU.Build.0 = Debug|Any CPU
		{11A16C9E-C49E-4620-96BE-A0C983B40682}.Release|Any CPU.ActiveCfg = Release|Any CPU
		{11A16C9E-C49E-4620-96BE-A0C983B40682}.Release|Any CPU.Build.0 = Release|Any CPU
		{9E20895E-C702-4A8D-9862-EB238AA9820A}.Debug|Any CPU.ActiveCfg = Debug|Any CPU
		{9E20895E-C702-4A8D-9862-EB238AA9820A}.Debug|Any CPU.Build.0 = Debug|Any CPU
		{9E20895E-C702-4A8D-9862-EB238AA9820A}.Release|Any CPU.ActiveCfg = Release|Any CPU
		{9E20895E-C702-4A8D-9862-EB238AA9820A}.Release|Any CPU.Build.0 = Release|Any CPU
	EndGlobalSection
	GlobalSection(SolutionProperties) = preSolution
		HideSolutionNode = FALSE
	EndGlobalSection
	GlobalSection(ExtensibilityGlobals) = postSolution
		SolutionGuid = {991D71D2-A78D-4B66-9E2F-C152A9806905}
	EndGlobalSection
EndGlobal
